<?xml version="1.0" encoding="utf-8"?>
<Project ToolsVersion="4.0" xmlns="http://schemas.microsoft.com/developer/msbuild/2003">
  <ItemGroup>
    <Filter Include="Source Files">
      <UniqueIdentifier>{4FC737F1-C7A5-4376-A066-2A32D752A2FF}</UniqueIdentifier>
      <Extensions>cpp;c;cc;cxx;def;odl;idl;hpj;bat;asm;asmx</Extensions>
    </Filter>
    <Filter Include="Header Files">
      <UniqueIdentifier>{93995380-89BD-4b04-88EB-625FBE52EBFB}</UniqueIdentifier>
      <Extensions>h;hpp;hxx;hm;inl;inc;xsd</Extensions>
    </Filter>
    <Filter Include="Resource Files">
      <UniqueIdentifier>{67DA6AB6-F800-4c08-8B7A-83BB121AAD01}</UniqueIdentifier>
      <Extensions>rc;ico;cur;bmp;dlg;rc2;rct;bin;rgs;gif;jpg;jpeg;jpe;resx;tiff;tif;png;wav;mfcribbon-ms</Extensions>
    </Filter>
    <Filter Include="Header Files\platform">
      <UniqueIdentifier>{8b72884b-3f61-41b6-ba65-a9b1944e9303}</UniqueIdentifier>
    </Filter>
    <Filter Include="Header Files\platform\win32">
      <UniqueIdentifier>{8f8b2ea1-b48f-4ff9-bc51-35d11f7fb4b1}</UniqueIdentifier>
    </Filter>
    <Filter Include="Source Files\platform">
      <UniqueIdentifier>{d1d1142a-543d-4e35-a121-972a54fd86da}</UniqueIdentifier>
    </Filter>
    <Filter Include="Source Files\platform\win32">
      <UniqueIdentifier>{a5a553b2-4cdd-464d-b521-975fd9f78dd7}</UniqueIdentifier>
    </Filter>
    <Filter Include="Header Files\base">
      <UniqueIdentifier>{94e2d5dc-3528-45fe-ab67-dc92a53f1447}</UniqueIdentifier>
    </Filter>
    <Filter Include="Source Files\base">
      <UniqueIdentifier>{84ec5c7c-c506-4675-8771-e7402ed0064a}</UniqueIdentifier>
    </Filter>
    <Filter Include="Header Files\resources">
      <UniqueIdentifier>{ade88dbd-c3e2-4c96-9ecb-41b00fa1742a}</UniqueIdentifier>
    </Filter>
    <Filter Include="Source Files\resources">
      <UniqueIdentifier>{75bd978f-5971-43e5-bc2c-4cfbd2072df8}</UniqueIdentifier>
    </Filter>
    <Filter Include="Header Files\resources\decoders">
      <UniqueIdentifier>{7f25f763-b410-4489-b93b-a598c9f0a00f}</UniqueIdentifier>
    </Filter>
    <Filter Include="Source Files\resources\decoders">
      <UniqueIdentifier>{68cdf53a-d300-4c2f-8818-bfacb421c116}</UniqueIdentifier>
    </Filter>
    <Filter Include="Header Files\render">
      <UniqueIdentifier>{d564bd44-1ace-4035-94a5-d651173802b9}</UniqueIdentifier>
    </Filter>
    <Filter Include="Source Files\render">
      <UniqueIdentifier>{f31f744c-1280-4e2d-a289-2712a828053b}</UniqueIdentifier>
    </Filter>
    <Filter Include="Header Files\scene">
      <UniqueIdentifier>{7a752714-4283-4fe6-99e0-a7936f976437}</UniqueIdentifier>
    </Filter>
    <Filter Include="Source Files\scene">
      <UniqueIdentifier>{7979b5a4-5133-43eb-8abe-8f27a4dfe467}</UniqueIdentifier>
    </Filter>
    <Filter Include="third-party">
      <UniqueIdentifier>{9548cf3d-8452-4631-ab20-2e7c0f28fa06}</UniqueIdentifier>
    </Filter>
    <Filter Include="third-party\json">
      <UniqueIdentifier>{3e8302a8-7802-4c25-8171-2602f4621582}</UniqueIdentifier>
    </Filter>
    <Filter Include="third-party\glm">
      <UniqueIdentifier>{b04c2dee-8a9d-4e11-afc6-cf05ae59649f}</UniqueIdentifier>
    </Filter>
    <Filter Include="Header Files\gui">
      <UniqueIdentifier>{e22f2a38-adc2-4f06-86b9-7c52931ad9ce}</UniqueIdentifier>
    </Filter>
    <Filter Include="Source Files\gui">
      <UniqueIdentifier>{5b0baaa6-c9b7-4423-9a57-a5935c286e97}</UniqueIdentifier>
    </Filter>
    <Filter Include="Header Files\particlesys">
      <UniqueIdentifier>{68926212-c1ee-4fdb-bf0b-9c121e2cc14a}</UniqueIdentifier>
    </Filter>
    <Filter Include="Source Files\particlesys">
      <UniqueIdentifier>{5f176018-98bd-4c65-a538-328e23f564fc}</UniqueIdentifier>
    </Filter>
    <Filter Include="Source Files\utils">
      <UniqueIdentifier>{9ff9ce9d-d3c6-4d56-8a0d-91b966b413ef}</UniqueIdentifier>
    </Filter>
    <Filter Include="Header Files\utils">
      <UniqueIdentifier>{70341242-4342-4103-9558-a2fcd4f07ea6}</UniqueIdentifier>
    </Filter>
    <Filter Include="Header Files\render\embed_glsl">
      <UniqueIdentifier>{bf89161f-7d81-4f7a-bc9e-f202232a69f7}</UniqueIdentifier>
    </Filter>
    <Filter Include="Header Files\scripting">
      <UniqueIdentifier>{89e82fa7-303f-4515-80b0-1916b4eeca20}</UniqueIdentifier>
    </Filter>
    <Filter Include="Source Files\scripting">
      <UniqueIdentifier>{daa0c60a-469a-416e-9142-a18b24a1a173}</UniqueIdentifier>
    </Filter>
    <Filter Include="Header Files\physics">
      <UniqueIdentifier>{337eb286-fe1d-421b-915e-ee3c02f186b4}</UniqueIdentifier>
    </Filter>
    <Filter Include="Source Files\physics">
      <UniqueIdentifier>{3ad3c680-50c3-430d-b699-8153134888ae}</UniqueIdentifier>
    </Filter>
    <Filter Include="Header Files\scene\bounding_volumes">
      <UniqueIdentifier>{4fa8c1ae-5b19-4616-b8d3-ef7cee9e6ab4}</UniqueIdentifier>
    </Filter>
    <Filter Include="Source Files\scene\bounding_volumes">
      <UniqueIdentifier>{4e47df49-9f2f-49e5-b746-ff25a4e58b63}</UniqueIdentifier>
    </Filter>
    <Filter Include="Header Files\audio">
      <UniqueIdentifier>{75caea7e-6d2c-49a7-9846-bc60351241fe}</UniqueIdentifier>
    </Filter>
    <Filter Include="Source Files\audio">
      <UniqueIdentifier>{440d0aed-10f1-4fb2-9a16-4947e51b648b}</UniqueIdentifier>
    </Filter>
    <Filter Include="third-party\glm\detail">
      <UniqueIdentifier>{a2d7b698-b61a-47c6-968a-bd8a7f3c39da}</UniqueIdentifier>
    </Filter>
    <Filter Include="third-party\glm\gtc">
      <UniqueIdentifier>{1d47e27d-26cf-46f1-bc54-3c0dd23ad798}</UniqueIdentifier>
    </Filter>
    <Filter Include="third-party\glm\gtx">
      <UniqueIdentifier>{3826dec6-4d48-43c2-92f6-44e6a71c8e36}</UniqueIdentifier>
    </Filter>
    <Filter Include="third-party\glm\virtrev">
      <UniqueIdentifier>{f7f94cf4-68ca-4bc0-85c9-27684fe74c80}</UniqueIdentifier>
    </Filter>
    <Filter Include="Header Files\components">
      <UniqueIdentifier>{21fafe91-96ac-489f-908c-f415abcd2d8d}</UniqueIdentifier>
    </Filter>
    <Filter Include="Source Files\components">
      <UniqueIdentifier>{e2f700d8-2b9b-490f-8a8d-d3cf9103c11b}</UniqueIdentifier>
    </Filter>
  </ItemGroup>
  <ItemGroup>
    <ClInclude Include="..\df3d.h">
      <Filter>Header Files</Filter>
    </ClInclude>
    <ClInclude Include="..\platform\Application.h">
      <Filter>Header Files\platform</Filter>
    </ClInclude>
    <ClInclude Include="..\platform\win32\SDLApplication.h">
      <Filter>Header Files\platform\win32</Filter>
    </ClInclude>
    <ClInclude Include="..\df3d_pch.h">
      <Filter>Header Files</Filter>
    </ClInclude>
    <ClInclude Include="..\base\Log.h">
      <Filter>Header Files\base</Filter>
    </ClInclude>
    <ClInclude Include="..\resources\Resource.h">
      <Filter>Header Files\resources</Filter>
    </ClInclude>
    <ClInclude Include="..\resources\ResourceManager.h">
      <Filter>Header Files\resources</Filter>
    </ClInclude>
    <ClInclude Include="..\resources\ResourceDecoder.h">
      <Filter>Header Files\resources</Filter>
    </ClInclude>
    <ClInclude Include="..\resources\decoders\DecoderOBJ.h">
      <Filter>Header Files\resources\decoders</Filter>
    </ClInclude>
    <ClInclude Include="..\render\Material.h">
      <Filter>Header Files\render</Filter>
    </ClInclude>
    <ClInclude Include="..\render\Vertex.h">
      <Filter>Header Files\render</Filter>
    </ClInclude>
    <ClInclude Include="..\scene\Node.h">
      <Filter>Header Files\scene</Filter>
    </ClInclude>
    <ClInclude Include="..\render\Renderer.h">
      <Filter>Header Files\render</Filter>
    </ClInclude>
    <ClInclude Include="..\scene\Scene.h">
      <Filter>Header Files\scene</Filter>
    </ClInclude>
    <ClInclude Include="..\resources\FileDataSource.h">
      <Filter>Header Files\resources</Filter>
    </ClInclude>
    <ClInclude Include="..\base\MacroDefs.h">
      <Filter>Header Files\base</Filter>
    </ClInclude>
    <ClInclude Include="..\render\Texture.h">
      <Filter>Header Files\render</Filter>
    </ClInclude>
    <ClInclude Include="..\base\Controller.h">
      <Filter>Header Files\base</Filter>
    </ClInclude>
    <ClInclude Include="..\render\RenderManager.h">
      <Filter>Header Files\render</Filter>
    </ClInclude>
    <ClInclude Include="..\base\AppDelegate.h">
      <Filter>Header Files\base</Filter>
    </ClInclude>
    <ClInclude Include="..\scene\SceneManager.h">
      <Filter>Header Files\scene</Filter>
    </ClInclude>
    <ClInclude Include="..\render\RenderOperation.h">
      <Filter>Header Files\render</Filter>
    </ClInclude>
    <ClInclude Include="..\scene\Camera.h">
      <Filter>Header Files\scene</Filter>
    </ClInclude>
    <ClInclude Include="..\resources\FileSystem.h">
      <Filter>Header Files\resources</Filter>
    </ClInclude>
    <ClInclude Include="..\render\Shader.h">
      <Filter>Header Files\render</Filter>
    </ClInclude>
    <ClInclude Include="..\render\GpuProgram.h">
      <Filter>Header Files\render</Filter>
    </ClInclude>
    <ClInclude Include="..\base\ThreadPool.h">
      <Filter>Header Files\base</Filter>
    </ClInclude>
    <ClInclude Include="..\..\third-party\include\json\autolink.h">
      <Filter>third-party\json</Filter>
    </ClInclude>
    <ClInclude Include="..\..\third-party\include\json\config.h">
      <Filter>third-party\json</Filter>
    </ClInclude>
    <ClInclude Include="..\..\third-party\include\json\features.h">
      <Filter>third-party\json</Filter>
    </ClInclude>
    <ClInclude Include="..\..\third-party\include\json\forwards.h">
      <Filter>third-party\json</Filter>
    </ClInclude>
    <ClInclude Include="..\..\third-party\include\json\json.h">
      <Filter>third-party\json</Filter>
    </ClInclude>
    <ClInclude Include="..\..\third-party\include\json\reader.h">
      <Filter>third-party\json</Filter>
    </ClInclude>
    <ClInclude Include="..\..\third-party\include\json\value.h">
      <Filter>third-party\json</Filter>
    </ClInclude>
    <ClInclude Include="..\..\third-party\include\json\writer.h">
      <Filter>third-party\json</Filter>
    </ClInclude>
    <ClInclude Include="..\..\third-party\src\lib_json\json_batchallocator.h">
      <Filter>third-party\json</Filter>
    </ClInclude>
    <ClInclude Include="..\render\MeshData.h">
      <Filter>Header Files\render</Filter>
    </ClInclude>
    <ClInclude Include="..\gui\GuiManager.h">
      <Filter>Header Files\gui</Filter>
    </ClInclude>
    <ClInclude Include="..\gui\RocketInterface.h">
      <Filter>Header Files\gui</Filter>
    </ClInclude>
    <ClInclude Include="..\base\Common.h">
      <Filter>Header Files\base</Filter>
    </ClInclude>
    <ClInclude Include="..\resources\decoders\DecoderTerrain.h">
      <Filter>Header Files\resources\decoders</Filter>
    </ClInclude>
    <ClInclude Include="..\utils\Utils.h">
      <Filter>Header Files\utils</Filter>
    </ClInclude>
    <ClInclude Include="..\render\embed_glsl\ffp2d_frag.h">
      <Filter>Header Files\render\embed_glsl</Filter>
    </ClInclude>
    <ClInclude Include="..\render\embed_glsl\ffp2d_vert.h">
      <Filter>Header Files\render\embed_glsl</Filter>
    </ClInclude>
    <ClInclude Include="..\scripting\ScriptManager.h">
      <Filter>Header Files\scripting</Filter>
    </ClInclude>
    <ClInclude Include="..\base\InputEvents.h">
      <Filter>Header Files\base</Filter>
    </ClInclude>
    <ClInclude Include="..\gui\RocketIntrusivePtr.h">
      <Filter>Header Files\gui</Filter>
    </ClInclude>
    <ClInclude Include="..\render\RenderStats.h">
      <Filter>Header Files\render</Filter>
    </ClInclude>
    <ClInclude Include="..\scene\WorldSize.h">
      <Filter>Header Files\scene</Filter>
    </ClInclude>
    <ClInclude Include="..\scene\DebugDrawNode.h">
      <Filter>Header Files\scene</Filter>
    </ClInclude>
    <ClInclude Include="..\scene\DebugDrawAABBNode.h">
      <Filter>Header Files\scene</Filter>
    </ClInclude>
    <ClInclude Include="..\utils\JsonHelpers.h">
      <Filter>Header Files\utils</Filter>
    </ClInclude>
    <ClInclude Include="..\render\RenderTargetTexture.h">
      <Filter>Header Files\render</Filter>
    </ClInclude>
    <ClInclude Include="..\utils\MeshIndexer.h">
      <Filter>Header Files\utils</Filter>
    </ClInclude>
    <ClInclude Include="..\render\RenderTarget.h">
      <Filter>Header Files\render</Filter>
    </ClInclude>
    <ClInclude Include="..\render\RenderTargetScreen.h">
      <Filter>Header Files\render</Filter>
    </ClInclude>
    <ClInclude Include="..\resources\decoders\DecoderMTL.h">
      <Filter>Header Files\resources\decoders</Filter>
    </ClInclude>
    <ClInclude Include="..\render\MaterialLib.h">
      <Filter>Header Files\render</Filter>
    </ClInclude>
    <ClInclude Include="..\gui\DebugOverlayWindow.h">
      <Filter>Header Files\gui</Filter>
    </ClInclude>
    <ClInclude Include="..\render\RenderPass.h">
      <Filter>Header Files\render</Filter>
    </ClInclude>
    <ClInclude Include="..\render\Technique.h">
      <Filter>Header Files\render</Filter>
    </ClInclude>
    <ClInclude Include="..\render\OpenGLCommon.h">
      <Filter>Header Files\render</Filter>
    </ClInclude>
    <ClInclude Include="..\render\GpuProgramState.h">
      <Filter>Header Files\render</Filter>
    </ClInclude>
    <ClInclude Include="..\render\GpuProgramUniform.h">
      <Filter>Header Files\render</Filter>
    </ClInclude>
    <ClInclude Include="..\render\Viewport.h">
      <Filter>Header Files\render</Filter>
    </ClInclude>
    <ClInclude Include="..\physics\PhysicsManager.h">
      <Filter>Header Files\physics</Filter>
    </ClInclude>
    <ClInclude Include="..\physics\BulletInterface.h">
      <Filter>Header Files\physics</Filter>
    </ClInclude>
    <ClInclude Include="..\render\embed_glsl\colored_frag.h">
      <Filter>Header Files\render\embed_glsl</Filter>
    </ClInclude>
    <ClInclude Include="..\render\embed_glsl\colored_vert.h">
      <Filter>Header Files\render\embed_glsl</Filter>
    </ClInclude>
    <ClInclude Include="..\particlesys\SparkInterface.h">
      <Filter>Header Files\particlesys</Filter>
    </ClInclude>
    <ClInclude Include="..\render\embed_glsl\rtt_quad_vert.h">
      <Filter>Header Files\render\embed_glsl</Filter>
    </ClInclude>
    <ClInclude Include="..\render\embed_glsl\rtt_quad_frag.h">
      <Filter>Header Files\render\embed_glsl</Filter>
    </ClInclude>
    <ClInclude Include="..\utils\ParticleSystemLoader.h">
      <Filter>Header Files\utils</Filter>
    </ClInclude>
    <ClInclude Include="..\utils\SceneLoader.h">
      <Filter>Header Files\utils</Filter>
    </ClInclude>
    <ClInclude Include="..\render\SubMesh.h">
      <Filter>Header Files\render</Filter>
    </ClInclude>
    <ClInclude Include="..\render\VertexIndexBuffer.h">
      <Filter>Header Files\render</Filter>
    </ClInclude>
    <ClInclude Include="..\gui\RocketKeyBindings.h">
      <Filter>Header Files\gui</Filter>
    </ClInclude>
    <ClInclude Include="..\scene\bounding_volumes\AABB.h">
      <Filter>Header Files\scene\bounding_volumes</Filter>
    </ClInclude>
    <ClInclude Include="..\scene\bounding_volumes\BoundingSphere.h">
      <Filter>Header Files\scene\bounding_volumes</Filter>
    </ClInclude>
    <ClInclude Include="..\scene\bounding_volumes\BoundingVolume.h">
      <Filter>Header Files\scene\bounding_volumes</Filter>
    </ClInclude>
    <ClInclude Include="..\scene\bounding_volumes\OBB.h">
      <Filter>Header Files\scene\bounding_volumes</Filter>
    </ClInclude>
    <ClInclude Include="..\scene\DebugDrawOBBNode.h">
      <Filter>Header Files\scene</Filter>
    </ClInclude>
    <ClInclude Include="..\resources\decoders\DecoderImage.h">
      <Filter>Header Files\resources\decoders</Filter>
    </ClInclude>
    <ClInclude Include="..\render\Image.h">
      <Filter>Header Files\render</Filter>
    </ClInclude>
    <ClInclude Include="..\audio\AudioManager.h">
      <Filter>Header Files\audio</Filter>
    </ClInclude>
    <ClInclude Include="..\audio\AudioBuffer.h">
      <Filter>Header Files\audio</Filter>
    </ClInclude>
    <ClInclude Include="..\resources\decoders\DecoderWAV.h">
      <Filter>Header Files\resources\decoders</Filter>
    </ClInclude>
    <ClInclude Include="..\audio\OpenALCommon.h">
      <Filter>Header Files\audio</Filter>
    </ClInclude>
    <ClInclude Include="..\resources\decoders\DecoderOGG.h">
      <Filter>Header Files\resources\decoders</Filter>
    </ClInclude>
    <ClInclude Include="..\render\embed_glsl\simple_lighting_frag.h">
      <Filter>Header Files\render\embed_glsl</Filter>
    </ClInclude>
    <ClInclude Include="..\render\embed_glsl\simple_lighting_vert.h">
      <Filter>Header Files\render\embed_glsl</Filter>
    </ClInclude>
    <ClInclude Include="..\render\embed_glsl\ambient_frag.h">
      <Filter>Header Files\render\embed_glsl</Filter>
    </ClInclude>
    <ClInclude Include="..\render\embed_glsl\ambient_vert.h">
      <Filter>Header Files\render\embed_glsl</Filter>
    </ClInclude>
    <ClInclude Include="..\scripting\PythonUpdateProxy.h">
      <Filter>Header Files\scripting</Filter>
    </ClInclude>
    <ClInclude Include="..\scripting\PythonInputProxy.h">
      <Filter>Header Files\scripting</Filter>
    </ClInclude>
    <ClInclude Include="..\scene\SceneManagerListener.h">
      <Filter>Header Files\scene</Filter>
    </ClInclude>
    <ClInclude Include="..\libdf3d_dll.h">
      <Filter>Header Files</Filter>
    </ClInclude>
    <ClInclude Include="..\..\third-party\include\glm\common.hpp">
      <Filter>third-party\glm</Filter>
    </ClInclude>
    <ClInclude Include="..\..\third-party\include\glm\exponential.hpp">
      <Filter>third-party\glm</Filter>
    </ClInclude>
    <ClInclude Include="..\..\third-party\include\glm\ext.hpp">
      <Filter>third-party\glm</Filter>
    </ClInclude>
    <ClInclude Include="..\..\third-party\include\glm\fwd.hpp">
      <Filter>third-party\glm</Filter>
    </ClInclude>
    <ClInclude Include="..\..\third-party\include\glm\geometric.hpp">
      <Filter>third-party\glm</Filter>
    </ClInclude>
    <ClInclude Include="..\..\third-party\include\glm\glm.hpp">
      <Filter>third-party\glm</Filter>
    </ClInclude>
    <ClInclude Include="..\..\third-party\include\glm\integer.hpp">
      <Filter>third-party\glm</Filter>
    </ClInclude>
    <ClInclude Include="..\..\third-party\include\glm\mat2x2.hpp">
      <Filter>third-party\glm</Filter>
    </ClInclude>
    <ClInclude Include="..\..\third-party\include\glm\mat2x3.hpp">
      <Filter>third-party\glm</Filter>
    </ClInclude>
    <ClInclude Include="..\..\third-party\include\glm\mat2x4.hpp">
      <Filter>third-party\glm</Filter>
    </ClInclude>
    <ClInclude Include="..\..\third-party\include\glm\mat3x2.hpp">
      <Filter>third-party\glm</Filter>
    </ClInclude>
    <ClInclude Include="..\..\third-party\include\glm\mat3x3.hpp">
      <Filter>third-party\glm</Filter>
    </ClInclude>
    <ClInclude Include="..\..\third-party\include\glm\mat3x4.hpp">
      <Filter>third-party\glm</Filter>
    </ClInclude>
    <ClInclude Include="..\..\third-party\include\glm\mat4x2.hpp">
      <Filter>third-party\glm</Filter>
    </ClInclude>
    <ClInclude Include="..\..\third-party\include\glm\mat4x3.hpp">
      <Filter>third-party\glm</Filter>
    </ClInclude>
    <ClInclude Include="..\..\third-party\include\glm\mat4x4.hpp">
      <Filter>third-party\glm</Filter>
    </ClInclude>
    <ClInclude Include="..\..\third-party\include\glm\matrix.hpp">
      <Filter>third-party\glm</Filter>
    </ClInclude>
    <ClInclude Include="..\..\third-party\include\glm\packing.hpp">
      <Filter>third-party\glm</Filter>
    </ClInclude>
    <ClInclude Include="..\..\third-party\include\glm\trigonometric.hpp">
      <Filter>third-party\glm</Filter>
    </ClInclude>
    <ClInclude Include="..\..\third-party\include\glm\vec2.hpp">
      <Filter>third-party\glm</Filter>
    </ClInclude>
    <ClInclude Include="..\..\third-party\include\glm\vec3.hpp">
      <Filter>third-party\glm</Filter>
    </ClInclude>
    <ClInclude Include="..\..\third-party\include\glm\vec4.hpp">
      <Filter>third-party\glm</Filter>
    </ClInclude>
    <ClInclude Include="..\..\third-party\include\glm\vector_relational.hpp">
      <Filter>third-party\glm</Filter>
    </ClInclude>
    <ClInclude Include="..\..\third-party\include\glm\detail\_features.hpp">
      <Filter>third-party\glm\detail</Filter>
    </ClInclude>
    <ClInclude Include="..\..\third-party\include\glm\detail\_fixes.hpp">
      <Filter>third-party\glm\detail</Filter>
    </ClInclude>
    <ClInclude Include="..\..\third-party\include\glm\detail\_literals.hpp">
      <Filter>third-party\glm\detail</Filter>
    </ClInclude>
    <ClInclude Include="..\..\third-party\include\glm\detail\_noise.hpp">
      <Filter>third-party\glm\detail</Filter>
    </ClInclude>
    <ClInclude Include="..\..\third-party\include\glm\detail\_swizzle.hpp">
      <Filter>third-party\glm\detail</Filter>
    </ClInclude>
    <ClInclude Include="..\..\third-party\include\glm\detail\_swizzle_func.hpp">
      <Filter>third-party\glm\detail</Filter>
    </ClInclude>
    <ClInclude Include="..\..\third-party\include\glm\detail\_vectorize.hpp">
      <Filter>third-party\glm\detail</Filter>
    </ClInclude>
    <ClInclude Include="..\..\third-party\include\glm\detail\func_common.hpp">
      <Filter>third-party\glm\detail</Filter>
    </ClInclude>
    <ClInclude Include="..\..\third-party\include\glm\detail\func_exponential.hpp">
      <Filter>third-party\glm\detail</Filter>
    </ClInclude>
    <ClInclude Include="..\..\third-party\include\glm\detail\func_geometric.hpp">
      <Filter>third-party\glm\detail</Filter>
    </ClInclude>
    <ClInclude Include="..\..\third-party\include\glm\detail\func_integer.hpp">
      <Filter>third-party\glm\detail</Filter>
    </ClInclude>
    <ClInclude Include="..\..\third-party\include\glm\detail\func_matrix.hpp">
      <Filter>third-party\glm\detail</Filter>
    </ClInclude>
    <ClInclude Include="..\..\third-party\include\glm\detail\func_noise.hpp">
      <Filter>third-party\glm\detail</Filter>
    </ClInclude>
    <ClInclude Include="..\..\third-party\include\glm\detail\func_packing.hpp">
      <Filter>third-party\glm\detail</Filter>
    </ClInclude>
    <ClInclude Include="..\..\third-party\include\glm\detail\func_trigonometric.hpp">
      <Filter>third-party\glm\detail</Filter>
    </ClInclude>
    <ClInclude Include="..\..\third-party\include\glm\detail\func_vector_relational.hpp">
      <Filter>third-party\glm\detail</Filter>
    </ClInclude>
    <ClInclude Include="..\..\third-party\include\glm\detail\hint.hpp">
      <Filter>third-party\glm\detail</Filter>
    </ClInclude>
    <ClInclude Include="..\..\third-party\include\glm\detail\intrinsic_common.hpp">
      <Filter>third-party\glm\detail</Filter>
    </ClInclude>
    <ClInclude Include="..\..\third-party\include\glm\detail\intrinsic_exponential.hpp">
      <Filter>third-party\glm\detail</Filter>
    </ClInclude>
    <ClInclude Include="..\..\third-party\include\glm\detail\intrinsic_geometric.hpp">
      <Filter>third-party\glm\detail</Filter>
    </ClInclude>
    <ClInclude Include="..\..\third-party\include\glm\detail\intrinsic_integer.hpp">
      <Filter>third-party\glm\detail</Filter>
    </ClInclude>
    <ClInclude Include="..\..\third-party\include\glm\detail\intrinsic_matrix.hpp">
      <Filter>third-party\glm\detail</Filter>
    </ClInclude>
    <ClInclude Include="..\..\third-party\include\glm\detail\intrinsic_trigonometric.hpp">
      <Filter>third-party\glm\detail</Filter>
    </ClInclude>
    <ClInclude Include="..\..\third-party\include\glm\detail\intrinsic_vector_relational.hpp">
      <Filter>third-party\glm\detail</Filter>
    </ClInclude>
    <ClInclude Include="..\..\third-party\include\glm\detail\precision.hpp">
      <Filter>third-party\glm\detail</Filter>
    </ClInclude>
    <ClInclude Include="..\..\third-party\include\glm\detail\setup.hpp">
      <Filter>third-party\glm\detail</Filter>
    </ClInclude>
    <ClInclude Include="..\..\third-party\include\glm\detail\type_float.hpp">
      <Filter>third-party\glm\detail</Filter>
    </ClInclude>
    <ClInclude Include="..\..\third-party\include\glm\detail\type_gentype.hpp">
      <Filter>third-party\glm\detail</Filter>
    </ClInclude>
    <ClInclude Include="..\..\third-party\include\glm\detail\type_half.hpp">
      <Filter>third-party\glm\detail</Filter>
    </ClInclude>
    <ClInclude Include="..\..\third-party\include\glm\detail\type_int.hpp">
      <Filter>third-party\glm\detail</Filter>
    </ClInclude>
    <ClInclude Include="..\..\third-party\include\glm\detail\type_mat.hpp">
      <Filter>third-party\glm\detail</Filter>
    </ClInclude>
    <ClInclude Include="..\..\third-party\include\glm\detail\type_mat2x2.hpp">
      <Filter>third-party\glm\detail</Filter>
    </ClInclude>
    <ClInclude Include="..\..\third-party\include\glm\detail\type_mat2x3.hpp">
      <Filter>third-party\glm\detail</Filter>
    </ClInclude>
    <ClInclude Include="..\..\third-party\include\glm\detail\type_mat2x4.hpp">
      <Filter>third-party\glm\detail</Filter>
    </ClInclude>
    <ClInclude Include="..\..\third-party\include\glm\detail\type_mat3x2.hpp">
      <Filter>third-party\glm\detail</Filter>
    </ClInclude>
    <ClInclude Include="..\..\third-party\include\glm\detail\type_mat3x3.hpp">
      <Filter>third-party\glm\detail</Filter>
    </ClInclude>
    <ClInclude Include="..\..\third-party\include\glm\detail\type_mat3x4.hpp">
      <Filter>third-party\glm\detail</Filter>
    </ClInclude>
    <ClInclude Include="..\..\third-party\include\glm\detail\type_mat4x2.hpp">
      <Filter>third-party\glm\detail</Filter>
    </ClInclude>
    <ClInclude Include="..\..\third-party\include\glm\detail\type_mat4x3.hpp">
      <Filter>third-party\glm\detail</Filter>
    </ClInclude>
    <ClInclude Include="..\..\third-party\include\glm\detail\type_mat4x4.hpp">
      <Filter>third-party\glm\detail</Filter>
    </ClInclude>
    <ClInclude Include="..\..\third-party\include\glm\detail\type_vec.hpp">
      <Filter>third-party\glm\detail</Filter>
    </ClInclude>
    <ClInclude Include="..\..\third-party\include\glm\detail\type_vec1.hpp">
      <Filter>third-party\glm\detail</Filter>
    </ClInclude>
    <ClInclude Include="..\..\third-party\include\glm\detail\type_vec2.hpp">
      <Filter>third-party\glm\detail</Filter>
    </ClInclude>
    <ClInclude Include="..\..\third-party\include\glm\detail\type_vec3.hpp">
      <Filter>third-party\glm\detail</Filter>
    </ClInclude>
    <ClInclude Include="..\..\third-party\include\glm\detail\type_vec4.hpp">
      <Filter>third-party\glm\detail</Filter>
    </ClInclude>
    <ClInclude Include="..\..\third-party\include\glm\gtc\constants.hpp">
      <Filter>third-party\glm\gtc</Filter>
    </ClInclude>
    <ClInclude Include="..\..\third-party\include\glm\gtc\epsilon.hpp">
      <Filter>third-party\glm\gtc</Filter>
    </ClInclude>
    <ClInclude Include="..\..\third-party\include\glm\gtc\matrix_access.hpp">
      <Filter>third-party\glm\gtc</Filter>
    </ClInclude>
    <ClInclude Include="..\..\third-party\include\glm\gtc\matrix_integer.hpp">
      <Filter>third-party\glm\gtc</Filter>
    </ClInclude>
    <ClInclude Include="..\..\third-party\include\glm\gtc\matrix_inverse.hpp">
      <Filter>third-party\glm\gtc</Filter>
    </ClInclude>
    <ClInclude Include="..\..\third-party\include\glm\gtc\matrix_transform.hpp">
      <Filter>third-party\glm\gtc</Filter>
    </ClInclude>
    <ClInclude Include="..\..\third-party\include\glm\gtc\noise.hpp">
      <Filter>third-party\glm\gtc</Filter>
    </ClInclude>
    <ClInclude Include="..\..\third-party\include\glm\gtc\packing.hpp">
      <Filter>third-party\glm\gtc</Filter>
    </ClInclude>
    <ClInclude Include="..\..\third-party\include\glm\gtc\quaternion.hpp">
      <Filter>third-party\glm\gtc</Filter>
    </ClInclude>
    <ClInclude Include="..\..\third-party\include\glm\gtc\random.hpp">
      <Filter>third-party\glm\gtc</Filter>
    </ClInclude>
    <ClInclude Include="..\..\third-party\include\glm\gtc\reciprocal.hpp">
      <Filter>third-party\glm\gtc</Filter>
    </ClInclude>
    <ClInclude Include="..\..\third-party\include\glm\gtc\type_precision.hpp">
      <Filter>third-party\glm\gtc</Filter>
    </ClInclude>
    <ClInclude Include="..\..\third-party\include\glm\gtc\type_ptr.hpp">
      <Filter>third-party\glm\gtc</Filter>
    </ClInclude>
    <ClInclude Include="..\..\third-party\include\glm\gtc\ulp.hpp">
      <Filter>third-party\glm\gtc</Filter>
    </ClInclude>
    <ClInclude Include="..\..\third-party\include\glm\gtx\associated_min_max.hpp">
      <Filter>third-party\glm\gtx</Filter>
    </ClInclude>
    <ClInclude Include="..\..\third-party\include\glm\gtx\bit.hpp">
      <Filter>third-party\glm\gtx</Filter>
    </ClInclude>
    <ClInclude Include="..\..\third-party\include\glm\gtx\closest_point.hpp">
      <Filter>third-party\glm\gtx</Filter>
    </ClInclude>
    <ClInclude Include="..\..\third-party\include\glm\gtx\color_space.hpp">
      <Filter>third-party\glm\gtx</Filter>
    </ClInclude>
    <ClInclude Include="..\..\third-party\include\glm\gtx\color_space_YCoCg.hpp">
      <Filter>third-party\glm\gtx</Filter>
    </ClInclude>
    <ClInclude Include="..\..\third-party\include\glm\gtx\compatibility.hpp">
      <Filter>third-party\glm\gtx</Filter>
    </ClInclude>
    <ClInclude Include="..\..\third-party\include\glm\gtx\component_wise.hpp">
      <Filter>third-party\glm\gtx</Filter>
    </ClInclude>
    <ClInclude Include="..\..\third-party\include\glm\gtx\constants.hpp">
      <Filter>third-party\glm\gtx</Filter>
    </ClInclude>
    <ClInclude Include="..\..\third-party\include\glm\gtx\dual_quaternion.hpp">
      <Filter>third-party\glm\gtx</Filter>
    </ClInclude>
    <ClInclude Include="..\..\third-party\include\glm\gtx\epsilon.hpp">
      <Filter>third-party\glm\gtx</Filter>
    </ClInclude>
    <ClInclude Include="..\..\third-party\include\glm\gtx\euler_angles.hpp">
      <Filter>third-party\glm\gtx</Filter>
    </ClInclude>
    <ClInclude Include="..\..\third-party\include\glm\gtx\extend.hpp">
      <Filter>third-party\glm\gtx</Filter>
    </ClInclude>
    <ClInclude Include="..\..\third-party\include\glm\gtx\extented_min_max.hpp">
      <Filter>third-party\glm\gtx</Filter>
    </ClInclude>
    <ClInclude Include="..\..\third-party\include\glm\gtx\fast_exponential.hpp">
      <Filter>third-party\glm\gtx</Filter>
    </ClInclude>
    <ClInclude Include="..\..\third-party\include\glm\gtx\fast_square_root.hpp">
      <Filter>third-party\glm\gtx</Filter>
    </ClInclude>
    <ClInclude Include="..\..\third-party\include\glm\gtx\fast_trigonometry.hpp">
      <Filter>third-party\glm\gtx</Filter>
    </ClInclude>
    <ClInclude Include="..\..\third-party\include\glm\gtx\gradient_paint.hpp">
      <Filter>third-party\glm\gtx</Filter>
    </ClInclude>
    <ClInclude Include="..\..\third-party\include\glm\gtx\handed_coordinate_space.hpp">
      <Filter>third-party\glm\gtx</Filter>
    </ClInclude>
    <ClInclude Include="..\..\third-party\include\glm\gtx\inertia.hpp">
      <Filter>third-party\glm\gtx</Filter>
    </ClInclude>
    <ClInclude Include="..\..\third-party\include\glm\gtx\int_10_10_10_2.hpp">
      <Filter>third-party\glm\gtx</Filter>
    </ClInclude>
    <ClInclude Include="..\..\third-party\include\glm\gtx\integer.hpp">
      <Filter>third-party\glm\gtx</Filter>
    </ClInclude>
    <ClInclude Include="..\..\third-party\include\glm\gtx\intersect.hpp">
      <Filter>third-party\glm\gtx</Filter>
    </ClInclude>
    <ClInclude Include="..\..\third-party\include\glm\gtx\io.hpp">
      <Filter>third-party\glm\gtx</Filter>
    </ClInclude>
    <ClInclude Include="..\..\third-party\include\glm\gtx\log_base.hpp">
      <Filter>third-party\glm\gtx</Filter>
    </ClInclude>
    <ClInclude Include="..\..\third-party\include\glm\gtx\matrix_cross_product.hpp">
      <Filter>third-party\glm\gtx</Filter>
    </ClInclude>
    <ClInclude Include="..\..\third-party\include\glm\gtx\matrix_interpolation.hpp">
      <Filter>third-party\glm\gtx</Filter>
    </ClInclude>
    <ClInclude Include="..\..\third-party\include\glm\gtx\matrix_major_storage.hpp">
      <Filter>third-party\glm\gtx</Filter>
    </ClInclude>
    <ClInclude Include="..\..\third-party\include\glm\gtx\matrix_operation.hpp">
      <Filter>third-party\glm\gtx</Filter>
    </ClInclude>
    <ClInclude Include="..\..\third-party\include\glm\gtx\matrix_query.hpp">
      <Filter>third-party\glm\gtx</Filter>
    </ClInclude>
    <ClInclude Include="..\..\third-party\include\glm\gtx\matrix_transform_2d.hpp">
      <Filter>third-party\glm\gtx</Filter>
    </ClInclude>
    <ClInclude Include="..\..\third-party\include\glm\gtx\mixed_product.hpp">
      <Filter>third-party\glm\gtx</Filter>
    </ClInclude>
    <ClInclude Include="..\..\third-party\include\glm\gtx\multiple.hpp">
      <Filter>third-party\glm\gtx</Filter>
    </ClInclude>
    <ClInclude Include="..\..\third-party\include\glm\gtx\noise.hpp">
      <Filter>third-party\glm\gtx</Filter>
    </ClInclude>
    <ClInclude Include="..\..\third-party\include\glm\gtx\norm.hpp">
      <Filter>third-party\glm\gtx</Filter>
    </ClInclude>
    <ClInclude Include="..\..\third-party\include\glm\gtx\normal.hpp">
      <Filter>third-party\glm\gtx</Filter>
    </ClInclude>
    <ClInclude Include="..\..\third-party\include\glm\gtx\normalize_dot.hpp">
      <Filter>third-party\glm\gtx</Filter>
    </ClInclude>
    <ClInclude Include="..\..\third-party\include\glm\gtx\number_precision.hpp">
      <Filter>third-party\glm\gtx</Filter>
    </ClInclude>
    <ClInclude Include="..\..\third-party\include\glm\gtx\optimum_pow.hpp">
      <Filter>third-party\glm\gtx</Filter>
    </ClInclude>
    <ClInclude Include="..\..\third-party\include\glm\gtx\orthonormalize.hpp">
      <Filter>third-party\glm\gtx</Filter>
    </ClInclude>
    <ClInclude Include="..\..\third-party\include\glm\gtx\perpendicular.hpp">
      <Filter>third-party\glm\gtx</Filter>
    </ClInclude>
    <ClInclude Include="..\..\third-party\include\glm\gtx\polar_coordinates.hpp">
      <Filter>third-party\glm\gtx</Filter>
    </ClInclude>
    <ClInclude Include="..\..\third-party\include\glm\gtx\projection.hpp">
      <Filter>third-party\glm\gtx</Filter>
    </ClInclude>
    <ClInclude Include="..\..\third-party\include\glm\gtx\quaternion.hpp">
      <Filter>third-party\glm\gtx</Filter>
    </ClInclude>
    <ClInclude Include="..\..\third-party\include\glm\gtx\random.hpp">
      <Filter>third-party\glm\gtx</Filter>
    </ClInclude>
    <ClInclude Include="..\..\third-party\include\glm\gtx\raw_data.hpp">
      <Filter>third-party\glm\gtx</Filter>
    </ClInclude>
    <ClInclude Include="..\..\third-party\include\glm\gtx\reciprocal.hpp">
      <Filter>third-party\glm\gtx</Filter>
    </ClInclude>
    <ClInclude Include="..\..\third-party\include\glm\gtx\rotate_normalized_axis.hpp">
      <Filter>third-party\glm\gtx</Filter>
    </ClInclude>
    <ClInclude Include="..\..\third-party\include\glm\gtx\rotate_vector.hpp">
      <Filter>third-party\glm\gtx</Filter>
    </ClInclude>
    <ClInclude Include="..\..\third-party\include\glm\gtx\scalar_relational.hpp">
      <Filter>third-party\glm\gtx</Filter>
    </ClInclude>
    <ClInclude Include="..\..\third-party\include\glm\gtx\simd_mat4.hpp">
      <Filter>third-party\glm\gtx</Filter>
    </ClInclude>
    <ClInclude Include="..\..\third-party\include\glm\gtx\simd_quat.hpp">
      <Filter>third-party\glm\gtx</Filter>
    </ClInclude>
    <ClInclude Include="..\..\third-party\include\glm\gtx\simd_vec4.hpp">
      <Filter>third-party\glm\gtx</Filter>
    </ClInclude>
    <ClInclude Include="..\..\third-party\include\glm\gtx\spline.hpp">
      <Filter>third-party\glm\gtx</Filter>
    </ClInclude>
    <ClInclude Include="..\..\third-party\include\glm\gtx\std_based_type.hpp">
      <Filter>third-party\glm\gtx</Filter>
    </ClInclude>
    <ClInclude Include="..\..\third-party\include\glm\gtx\string_cast.hpp">
      <Filter>third-party\glm\gtx</Filter>
    </ClInclude>
    <ClInclude Include="..\..\third-party\include\glm\gtx\transform.hpp">
      <Filter>third-party\glm\gtx</Filter>
    </ClInclude>
    <ClInclude Include="..\..\third-party\include\glm\gtx\transform2.hpp">
      <Filter>third-party\glm\gtx</Filter>
    </ClInclude>
    <ClInclude Include="..\..\third-party\include\glm\gtx\ulp.hpp">
      <Filter>third-party\glm\gtx</Filter>
    </ClInclude>
    <ClInclude Include="..\..\third-party\include\glm\gtx\unsigned_int.hpp">
      <Filter>third-party\glm\gtx</Filter>
    </ClInclude>
    <ClInclude Include="..\..\third-party\include\glm\gtx\vec1.hpp">
      <Filter>third-party\glm\gtx</Filter>
    </ClInclude>
    <ClInclude Include="..\..\third-party\include\glm\gtx\vector_angle.hpp">
      <Filter>third-party\glm\gtx</Filter>
    </ClInclude>
    <ClInclude Include="..\..\third-party\include\glm\gtx\vector_query.hpp">
      <Filter>third-party\glm\gtx</Filter>
    </ClInclude>
    <ClInclude Include="..\..\third-party\include\glm\gtx\wrap.hpp">
      <Filter>third-party\glm\gtx</Filter>
    </ClInclude>
    <ClInclude Include="..\..\third-party\include\glm\virtrev\xstream.hpp">
      <Filter>third-party\glm\virtrev</Filter>
    </ClInclude>
    <ClInclude Include="..\render\RenderQueue.h">
      <Filter>Header Files\render</Filter>
    </ClInclude>
    <ClInclude Include="..\components\MeshComponent.h">
      <Filter>Header Files\components</Filter>
    </ClInclude>
    <ClInclude Include="..\components\TransformComponent.h">
      <Filter>Header Files\components</Filter>
    </ClInclude>
    <ClInclude Include="..\components\NodeComponent.h">
      <Filter>Header Files\components</Filter>
    </ClInclude>
    <ClInclude Include="..\components\LightComponent.h">
      <Filter>Header Files\components</Filter>
    </ClInclude>
    <ClInclude Include="..\components\AudioComponent.h">
      <Filter>Header Files\components</Filter>
    </ClInclude>
    <ClInclude Include="..\components\ParticleSystemComponent.h">
      <Filter>Header Files\components</Filter>
    </ClInclude>
    <ClInclude Include="..\components\PhysicsComponent.h">
      <Filter>Header Files\components</Filter>
    </ClInclude>
    <ClInclude Include="..\utils\PhysicsLoader.h">
      <Filter>Header Files\utils</Filter>
    </ClInclude>
    <ClInclude Include="..\resources\decoders\DecoderTTF.h">
      <Filter>Header Files\resources\decoders</Filter>
    </ClInclude>
    <ClInclude Include="..\gui\FontFace.h">
      <Filter>Header Files\gui</Filter>
    </ClInclude>
    <ClInclude Include="..\components\TextMeshComponent.h">
      <Filter>Header Files\components</Filter>
    </ClInclude>
  </ItemGroup>
  <ItemGroup>
    <ClCompile Include="..\platform\win32\SDLApplication.cpp">
      <Filter>Source Files\platform\win32</Filter>
    </ClCompile>
    <ClCompile Include="..\df3d_pch.cpp">
      <Filter>Source Files</Filter>
    </ClCompile>
    <ClCompile Include="..\base\Log.cpp">
      <Filter>Source Files\base</Filter>
    </ClCompile>
    <ClCompile Include="..\resources\ResourceManager.cpp">
      <Filter>Source Files\resources</Filter>
    </ClCompile>
    <ClCompile Include="..\resources\ResourceDecoder.cpp">
      <Filter>Source Files\resources</Filter>
    </ClCompile>
    <ClCompile Include="..\resources\decoders\DecoderOBJ.cpp">
      <Filter>Source Files\resources\decoders</Filter>
    </ClCompile>
    <ClCompile Include="..\render\Material.cpp">
      <Filter>Source Files\render</Filter>
    </ClCompile>
    <ClCompile Include="..\scene\Node.cpp">
      <Filter>Source Files\scene</Filter>
    </ClCompile>
    <ClCompile Include="..\render\Renderer.cpp">
      <Filter>Source Files\render</Filter>
    </ClCompile>
    <ClCompile Include="..\scene\Scene.cpp">
      <Filter>Source Files\scene</Filter>
    </ClCompile>
    <ClCompile Include="..\resources\FileDataSource.cpp">
      <Filter>Source Files\resources</Filter>
    </ClCompile>
    <ClCompile Include="..\render\Texture.cpp">
      <Filter>Source Files\render</Filter>
    </ClCompile>
    <ClCompile Include="..\platform\Application.cpp">
      <Filter>Source Files\platform</Filter>
    </ClCompile>
    <ClCompile Include="..\base\Controller.cpp">
      <Filter>Source Files\base</Filter>
    </ClCompile>
    <ClCompile Include="..\render\RenderManager.cpp">
      <Filter>Source Files\render</Filter>
    </ClCompile>
    <ClCompile Include="..\scene\SceneManager.cpp">
      <Filter>Source Files\scene</Filter>
    </ClCompile>
    <ClCompile Include="..\render\RenderOperation.cpp">
      <Filter>Source Files\render</Filter>
    </ClCompile>
    <ClCompile Include="..\scene\Camera.cpp">
      <Filter>Source Files\scene</Filter>
    </ClCompile>
    <ClCompile Include="..\resources\FileSystem.cpp">
      <Filter>Source Files\resources</Filter>
    </ClCompile>
    <ClCompile Include="..\base\ThreadPool.cpp">
      <Filter>Source Files\base</Filter>
    </ClCompile>
    <ClCompile Include="..\..\third-party\src\lib_json\json_reader.cpp">
      <Filter>third-party\json</Filter>
    </ClCompile>
    <ClCompile Include="..\..\third-party\src\lib_json\json_value.cpp">
      <Filter>third-party\json</Filter>
    </ClCompile>
    <ClCompile Include="..\..\third-party\src\lib_json\json_writer.cpp">
      <Filter>third-party\json</Filter>
    </ClCompile>
    <ClCompile Include="..\render\MeshData.cpp">
      <Filter>Source Files\render</Filter>
    </ClCompile>
    <ClCompile Include="..\gui\GuiManager.cpp">
      <Filter>Source Files\gui</Filter>
    </ClCompile>
    <ClCompile Include="..\gui\RocketInterface.cpp">
      <Filter>Source Files\gui</Filter>
    </ClCompile>
    <ClCompile Include="..\base\Common.cpp">
      <Filter>Source Files\base</Filter>
    </ClCompile>
    <ClCompile Include="..\resources\decoders\DecoderTerrain.cpp">
      <Filter>Source Files\resources\decoders</Filter>
    </ClCompile>
    <ClCompile Include="..\scripting\ScriptManager.cpp">
      <Filter>Source Files\scripting</Filter>
    </ClCompile>
    <ClCompile Include="..\base\InputEvents.cpp">
      <Filter>Source Files\base</Filter>
    </ClCompile>
    <ClCompile Include="..\gui\RocketIntrusivePtr.cpp">
      <Filter>Source Files\gui</Filter>
    </ClCompile>
    <ClCompile Include="..\scene\DebugDrawNode.cpp">
      <Filter>Source Files\scene</Filter>
    </ClCompile>
    <ClCompile Include="..\scene\DebugDrawAABBNode.cpp">
      <Filter>Source Files\scene</Filter>
    </ClCompile>
    <ClCompile Include="..\utils\JsonHelpers.cpp">
      <Filter>Source Files\utils</Filter>
    </ClCompile>
    <ClCompile Include="..\utils\MeshIndexer.cpp">
      <Filter>Source Files\utils</Filter>
    </ClCompile>
    <ClCompile Include="..\render\RenderTargetScreen.cpp">
      <Filter>Source Files\render</Filter>
    </ClCompile>
    <ClCompile Include="..\resources\decoders\DecoderMTL.cpp">
      <Filter>Source Files\resources\decoders</Filter>
    </ClCompile>
    <ClCompile Include="..\render\MaterialLib.cpp">
      <Filter>Source Files\render</Filter>
    </ClCompile>
    <ClCompile Include="..\resources\Resource.cpp">
      <Filter>Source Files\resources</Filter>
    </ClCompile>
    <ClCompile Include="..\gui\DebugOverlayWindow.cpp">
      <Filter>Source Files\gui</Filter>
    </ClCompile>
    <ClCompile Include="..\render\Technique.cpp">
      <Filter>Source Files\render</Filter>
    </ClCompile>
    <ClCompile Include="..\render\RenderPass.cpp">
      <Filter>Source Files\render</Filter>
    </ClCompile>
    <ClCompile Include="..\render\GpuProgram.cpp">
      <Filter>Source Files\render</Filter>
    </ClCompile>
    <ClCompile Include="..\render\OpenGLCommon.cpp">
      <Filter>Source Files\render</Filter>
    </ClCompile>
    <ClCompile Include="..\render\GpuProgramState.cpp">
      <Filter>Source Files\render</Filter>
    </ClCompile>
    <ClCompile Include="..\render\Shader.cpp">
      <Filter>Source Files\render</Filter>
    </ClCompile>
    <ClCompile Include="..\render\RenderTargetTexture.cpp">
      <Filter>Source Files\render</Filter>
    </ClCompile>
    <ClCompile Include="..\render\GpuProgramUniform.cpp">
      <Filter>Source Files\render</Filter>
    </ClCompile>
    <ClCompile Include="..\render\Viewport.cpp">
      <Filter>Source Files\render</Filter>
    </ClCompile>
    <ClCompile Include="..\physics\PhysicsManager.cpp">
      <Filter>Source Files\physics</Filter>
    </ClCompile>
    <ClCompile Include="..\physics\BulletInterface.cpp">
      <Filter>Source Files\physics</Filter>
    </ClCompile>
    <ClCompile Include="..\particlesys\SparkInterface.cpp">
      <Filter>Source Files\particlesys</Filter>
    </ClCompile>
    <ClCompile Include="..\utils\ParticleSystemLoader.cpp">
      <Filter>Source Files\utils</Filter>
    </ClCompile>
    <ClCompile Include="..\utils\SceneLoader.cpp">
      <Filter>Source Files\utils</Filter>
    </ClCompile>
    <ClCompile Include="..\render\SubMesh.cpp">
      <Filter>Source Files\render</Filter>
    </ClCompile>
    <ClCompile Include="..\render\VertexIndexBuffer.cpp">
      <Filter>Source Files\render</Filter>
    </ClCompile>
    <ClCompile Include="..\gui\RocketKeyBindings.cpp">
      <Filter>Source Files\gui</Filter>
    </ClCompile>
    <ClCompile Include="..\scene\bounding_volumes\AABB.cpp">
      <Filter>Source Files\scene\bounding_volumes</Filter>
    </ClCompile>
    <ClCompile Include="..\scene\bounding_volumes\BoundingSphere.cpp">
      <Filter>Source Files\scene\bounding_volumes</Filter>
    </ClCompile>
    <ClCompile Include="..\scene\bounding_volumes\BoundingVolume.cpp">
      <Filter>Source Files\scene\bounding_volumes</Filter>
    </ClCompile>
    <ClCompile Include="..\scene\bounding_volumes\OBB.cpp">
      <Filter>Source Files\scene\bounding_volumes</Filter>
    </ClCompile>
    <ClCompile Include="..\scene\DebugDrawOBBNode.cpp">
      <Filter>Source Files\scene</Filter>
    </ClCompile>
    <ClCompile Include="..\resources\decoders\DecoderImage.cpp">
      <Filter>Source Files\resources\decoders</Filter>
    </ClCompile>
    <ClCompile Include="..\render\Image.cpp">
      <Filter>Source Files\render</Filter>
    </ClCompile>
    <ClCompile Include="..\audio\AudioManager.cpp">
      <Filter>Source Files\audio</Filter>
    </ClCompile>
    <ClCompile Include="..\audio\AudioBuffer.cpp">
      <Filter>Source Files\audio</Filter>
    </ClCompile>
    <ClCompile Include="..\resources\decoders\DecoderWAV.cpp">
      <Filter>Source Files\resources\decoders</Filter>
    </ClCompile>
    <ClCompile Include="..\audio\OpenALCommon.cpp">
      <Filter>Source Files\audio</Filter>
    </ClCompile>
    <ClCompile Include="..\resources\decoders\DecoderOGG.cpp">
      <Filter>Source Files\resources\decoders</Filter>
    </ClCompile>
    <ClCompile Include="..\render\Vertex.cpp">
      <Filter>Source Files\render</Filter>
    </ClCompile>
    <ClCompile Include="..\scripting\PythonUpdateProxy.cpp">
      <Filter>Source Files\scripting</Filter>
    </ClCompile>
    <ClCompile Include="..\scripting\PythonInputProxy.cpp">
      <Filter>Source Files\scripting</Filter>
    </ClCompile>
    <ClCompile Include="..\render\RenderQueue.cpp">
      <Filter>Source Files\render</Filter>
    </ClCompile>
    <ClCompile Include="..\components\MeshComponent.cpp">
      <Filter>Source Files\components</Filter>
    </ClCompile>
    <ClCompile Include="..\components\TransformComponent.cpp">
      <Filter>Source Files\components</Filter>
    </ClCompile>
    <ClCompile Include="..\components\NodeComponent.cpp">
      <Filter>Source Files\components</Filter>
    </ClCompile>
    <ClCompile Include="..\components\LightComponent.cpp">
      <Filter>Source Files\components</Filter>
    </ClCompile>
    <ClCompile Include="..\components\ParticleSystemComponent.cpp">
      <Filter>Source Files\components</Filter>
    </ClCompile>
    <ClCompile Include="..\components\PhysicsComponent.cpp">
      <Filter>Source Files\components</Filter>
    </ClCompile>
    <ClCompile Include="..\utils\PhysicsLoader.cpp">
      <Filter>Source Files\utils</Filter>
    </ClCompile>
    <ClCompile Include="..\components\AudioComponent.cpp">
      <Filter>Source Files\components</Filter>
    </ClCompile>
    <ClCompile Include="..\resources\decoders\DecoderTTF.cpp">
      <Filter>Source Files\resources\decoders</Filter>
    </ClCompile>
    <ClCompile Include="..\gui\FontFace.cpp">
      <Filter>Source Files\gui</Filter>
    </ClCompile>
    <ClCompile Include="..\components\TextMeshComponent.cpp">
      <Filter>Source Files\components</Filter>
    </ClCompile>
  </ItemGroup>
  <ItemGroup>
    <None Include="..\..\third-party\src\lib_json\json_internalarray.inl">
      <Filter>third-party\json</Filter>
    </None>
    <None Include="..\..\third-party\src\lib_json\json_internalmap.inl">
      <Filter>third-party\json</Filter>
    </None>
    <None Include="..\..\third-party\src\lib_json\json_valueiterator.inl">
      <Filter>third-party\json</Filter>
    </None>
    <None Include="..\scripting\ScriptManager.inl">
      <Filter>Header Files\scripting</Filter>
    </None>
    <None Include="..\..\third-party\include\glm\detail\func_common.inl">
      <Filter>third-party\glm\detail</Filter>
    </None>
    <None Include="..\..\third-party\include\glm\detail\func_exponential.inl">
      <Filter>third-party\glm\detail</Filter>
    </None>
    <None Include="..\..\third-party\include\glm\detail\func_geometric.inl">
      <Filter>third-party\glm\detail</Filter>
    </None>
    <None Include="..\..\third-party\include\glm\detail\func_integer.inl">
      <Filter>third-party\glm\detail</Filter>
    </None>
    <None Include="..\..\third-party\include\glm\detail\func_matrix.inl">
      <Filter>third-party\glm\detail</Filter>
    </None>
    <None Include="..\..\third-party\include\glm\detail\func_noise.inl">
      <Filter>third-party\glm\detail</Filter>
    </None>
    <None Include="..\..\third-party\include\glm\detail\func_packing.inl">
      <Filter>third-party\glm\detail</Filter>
    </None>
    <None Include="..\..\third-party\include\glm\detail\func_trigonometric.inl">
      <Filter>third-party\glm\detail</Filter>
    </None>
    <None Include="..\..\third-party\include\glm\detail\func_vector_relational.inl">
      <Filter>third-party\glm\detail</Filter>
    </None>
    <None Include="..\..\third-party\include\glm\detail\intrinsic_common.inl">
      <Filter>third-party\glm\detail</Filter>
    </None>
    <None Include="..\..\third-party\include\glm\detail\intrinsic_exponential.inl">
      <Filter>third-party\glm\detail</Filter>
    </None>
    <None Include="..\..\third-party\include\glm\detail\intrinsic_geometric.inl">
      <Filter>third-party\glm\detail</Filter>
    </None>
    <None Include="..\..\third-party\include\glm\detail\intrinsic_integer.inl">
      <Filter>third-party\glm\detail</Filter>
    </None>
    <None Include="..\..\third-party\include\glm\detail\intrinsic_matrix.inl">
      <Filter>third-party\glm\detail</Filter>
    </None>
    <None Include="..\..\third-party\include\glm\detail\intrinsic_trigonometric.inl">
      <Filter>third-party\glm\detail</Filter>
    </None>
    <None Include="..\..\third-party\include\glm\detail\intrinsic_vector_relational.inl">
      <Filter>third-party\glm\detail</Filter>
    </None>
    <None Include="..\..\third-party\include\glm\detail\precision.inl">
      <Filter>third-party\glm\detail</Filter>
    </None>
    <None Include="..\..\third-party\include\glm\detail\type_gentype.inl">
      <Filter>third-party\glm\detail</Filter>
    </None>
    <None Include="..\..\third-party\include\glm\detail\type_half.inl">
      <Filter>third-party\glm\detail</Filter>
    </None>
    <None Include="..\..\third-party\include\glm\detail\type_mat.inl">
      <Filter>third-party\glm\detail</Filter>
    </None>
    <None Include="..\..\third-party\include\glm\detail\type_mat2x2.inl">
      <Filter>third-party\glm\detail</Filter>
    </None>
    <None Include="..\..\third-party\include\glm\detail\type_mat2x3.inl">
      <Filter>third-party\glm\detail</Filter>
    </None>
    <None Include="..\..\third-party\include\glm\detail\type_mat2x4.inl">
      <Filter>third-party\glm\detail</Filter>
    </None>
    <None Include="..\..\third-party\include\glm\detail\type_mat3x2.inl">
      <Filter>third-party\glm\detail</Filter>
    </None>
    <None Include="..\..\third-party\include\glm\detail\type_mat3x3.inl">
      <Filter>third-party\glm\detail</Filter>
    </None>
    <None Include="..\..\third-party\include\glm\detail\type_mat3x4.inl">
      <Filter>third-party\glm\detail</Filter>
    </None>
    <None Include="..\..\third-party\include\glm\detail\type_mat4x2.inl">
      <Filter>third-party\glm\detail</Filter>
    </None>
    <None Include="..\..\third-party\include\glm\detail\type_mat4x3.inl">
      <Filter>third-party\glm\detail</Filter>
    </None>
    <None Include="..\..\third-party\include\glm\detail\type_mat4x4.inl">
      <Filter>third-party\glm\detail</Filter>
    </None>
    <None Include="..\..\third-party\include\glm\detail\type_vec.inl">
      <Filter>third-party\glm\detail</Filter>
    </None>
    <None Include="..\..\third-party\include\glm\detail\type_vec1.inl">
      <Filter>third-party\glm\detail</Filter>
    </None>
    <None Include="..\..\third-party\include\glm\detail\type_vec2.inl">
      <Filter>third-party\glm\detail</Filter>
    </None>
    <None Include="..\..\third-party\include\glm\detail\type_vec3.inl">
      <Filter>third-party\glm\detail</Filter>
    </None>
    <None Include="..\..\third-party\include\glm\detail\type_vec4.inl">
      <Filter>third-party\glm\detail</Filter>
    </None>
    <None Include="..\..\third-party\include\glm\gtc\constants.inl">
      <Filter>third-party\glm\gtc</Filter>
    </None>
    <None Include="..\..\third-party\include\glm\gtc\epsilon.inl">
      <Filter>third-party\glm\gtc</Filter>
    </None>
    <None Include="..\..\third-party\include\glm\gtc\matrix_access.inl">
      <Filter>third-party\glm\gtc</Filter>
    </None>
    <None Include="..\..\third-party\include\glm\gtc\matrix_inverse.inl">
      <Filter>third-party\glm\gtc</Filter>
    </None>
    <None Include="..\..\third-party\include\glm\gtc\matrix_transform.inl">
      <Filter>third-party\glm\gtc</Filter>
    </None>
    <None Include="..\..\third-party\include\glm\gtc\noise.inl">
      <Filter>third-party\glm\gtc</Filter>
    </None>
    <None Include="..\..\third-party\include\glm\gtc\packing.inl">
      <Filter>third-party\glm\gtc</Filter>
    </None>
    <None Include="..\..\third-party\include\glm\gtc\quaternion.inl">
      <Filter>third-party\glm\gtc</Filter>
    </None>
    <None Include="..\..\third-party\include\glm\gtc\random.inl">
      <Filter>third-party\glm\gtc</Filter>
    </None>
    <None Include="..\..\third-party\include\glm\gtc\reciprocal.inl">
      <Filter>third-party\glm\gtc</Filter>
    </None>
    <None Include="..\..\third-party\include\glm\gtc\type_precision.inl">
      <Filter>third-party\glm\gtc</Filter>
    </None>
    <None Include="..\..\third-party\include\glm\gtc\type_ptr.inl">
      <Filter>third-party\glm\gtc</Filter>
    </None>
    <None Include="..\..\third-party\include\glm\gtc\ulp.inl">
      <Filter>third-party\glm\gtc</Filter>
    </None>
    <None Include="..\..\third-party\include\glm\gtx\associated_min_max.inl">
      <Filter>third-party\glm\gtx</Filter>
    </None>
    <None Include="..\..\third-party\include\glm\gtx\bit.inl">
      <Filter>third-party\glm\gtx</Filter>
    </None>
    <None Include="..\..\third-party\include\glm\gtx\closest_point.inl">
      <Filter>third-party\glm\gtx</Filter>
    </None>
    <None Include="..\..\third-party\include\glm\gtx\color_space.inl">
      <Filter>third-party\glm\gtx</Filter>
    </None>
    <None Include="..\..\third-party\include\glm\gtx\color_space_YCoCg.inl">
      <Filter>third-party\glm\gtx</Filter>
    </None>
    <None Include="..\..\third-party\include\glm\gtx\compatibility.inl">
      <Filter>third-party\glm\gtx</Filter>
    </None>
    <None Include="..\..\third-party\include\glm\gtx\component_wise.inl">
      <Filter>third-party\glm\gtx</Filter>
    </None>
    <None Include="..\..\third-party\include\glm\gtx\dual_quaternion.inl">
      <Filter>third-party\glm\gtx</Filter>
    </None>
    <None Include="..\..\third-party\include\glm\gtx\euler_angles.inl">
      <Filter>third-party\glm\gtx</Filter>
    </None>
    <None Include="..\..\third-party\include\glm\gtx\extend.inl">
      <Filter>third-party\glm\gtx</Filter>
    </None>
    <None Include="..\..\third-party\include\glm\gtx\extented_min_max.inl">
      <Filter>third-party\glm\gtx</Filter>
    </None>
    <None Include="..\..\third-party\include\glm\gtx\fast_exponential.inl">
      <Filter>third-party\glm\gtx</Filter>
    </None>
    <None Include="..\..\third-party\include\glm\gtx\fast_square_root.inl">
      <Filter>third-party\glm\gtx</Filter>
    </None>
    <None Include="..\..\third-party\include\glm\gtx\fast_trigonometry.inl">
      <Filter>third-party\glm\gtx</Filter>
    </None>
    <None Include="..\..\third-party\include\glm\gtx\gradient_paint.inl">
      <Filter>third-party\glm\gtx</Filter>
    </None>
    <None Include="..\..\third-party\include\glm\gtx\handed_coordinate_space.inl">
      <Filter>third-party\glm\gtx</Filter>
    </None>
    <None Include="..\..\third-party\include\glm\gtx\inertia.inl">
      <Filter>third-party\glm\gtx</Filter>
    </None>
    <None Include="..\..\third-party\include\glm\gtx\int_10_10_10_2.inl">
      <Filter>third-party\glm\gtx</Filter>
    </None>
    <None Include="..\..\third-party\include\glm\gtx\integer.inl">
      <Filter>third-party\glm\gtx</Filter>
    </None>
    <None Include="..\..\third-party\include\glm\gtx\intersect.inl">
      <Filter>third-party\glm\gtx</Filter>
    </None>
    <None Include="..\..\third-party\include\glm\gtx\io.inl">
      <Filter>third-party\glm\gtx</Filter>
    </None>
    <None Include="..\..\third-party\include\glm\gtx\log_base.inl">
      <Filter>third-party\glm\gtx</Filter>
    </None>
    <None Include="..\..\third-party\include\glm\gtx\matrix_cross_product.inl">
      <Filter>third-party\glm\gtx</Filter>
    </None>
    <None Include="..\..\third-party\include\glm\gtx\matrix_interpolation.inl">
      <Filter>third-party\glm\gtx</Filter>
    </None>
    <None Include="..\..\third-party\include\glm\gtx\matrix_major_storage.inl">
      <Filter>third-party\glm\gtx</Filter>
    </None>
    <None Include="..\..\third-party\include\glm\gtx\matrix_operation.inl">
      <Filter>third-party\glm\gtx</Filter>
    </None>
    <None Include="..\..\third-party\include\glm\gtx\matrix_query.inl">
      <Filter>third-party\glm\gtx</Filter>
    </None>
    <None Include="..\..\third-party\include\glm\gtx\matrix_transform_2d.inl">
      <Filter>third-party\glm\gtx</Filter>
    </None>
    <None Include="..\..\third-party\include\glm\gtx\mixed_product.inl">
      <Filter>third-party\glm\gtx</Filter>
    </None>
    <None Include="..\..\third-party\include\glm\gtx\multiple.inl">
      <Filter>third-party\glm\gtx</Filter>
    </None>
    <None Include="..\..\third-party\include\glm\gtx\norm.inl">
      <Filter>third-party\glm\gtx</Filter>
    </None>
    <None Include="..\..\third-party\include\glm\gtx\normal.inl">
      <Filter>third-party\glm\gtx</Filter>
    </None>
    <None Include="..\..\third-party\include\glm\gtx\normalize_dot.inl">
      <Filter>third-party\glm\gtx</Filter>
    </None>
    <None Include="..\..\third-party\include\glm\gtx\number_precision.inl">
      <Filter>third-party\glm\gtx</Filter>
    </None>
    <None Include="..\..\third-party\include\glm\gtx\optimum_pow.inl">
      <Filter>third-party\glm\gtx</Filter>
    </None>
    <None Include="..\..\third-party\include\glm\gtx\orthonormalize.inl">
      <Filter>third-party\glm\gtx</Filter>
    </None>
    <None Include="..\..\third-party\include\glm\gtx\perpendicular.inl">
      <Filter>third-party\glm\gtx</Filter>
    </None>
    <None Include="..\..\third-party\include\glm\gtx\polar_coordinates.inl">
      <Filter>third-party\glm\gtx</Filter>
    </None>
    <None Include="..\..\third-party\include\glm\gtx\projection.inl">
      <Filter>third-party\glm\gtx</Filter>
    </None>
    <None Include="..\..\third-party\include\glm\gtx\quaternion.inl">
      <Filter>third-party\glm\gtx</Filter>
    </None>
    <None Include="..\..\third-party\include\glm\gtx\raw_data.inl">
      <Filter>third-party\glm\gtx</Filter>
    </None>
    <None Include="..\..\third-party\include\glm\gtx\rotate_normalized_axis.inl">
      <Filter>third-party\glm\gtx</Filter>
    </None>
    <None Include="..\..\third-party\include\glm\gtx\rotate_vector.inl">
      <Filter>third-party\glm\gtx</Filter>
    </None>
    <None Include="..\..\third-party\include\glm\gtx\scalar_relational.inl">
      <Filter>third-party\glm\gtx</Filter>
    </None>
    <None Include="..\..\third-party\include\glm\gtx\simd_mat4.inl">
      <Filter>third-party\glm\gtx</Filter>
    </None>
    <None Include="..\..\third-party\include\glm\gtx\simd_quat.inl">
      <Filter>third-party\glm\gtx</Filter>
    </None>
    <None Include="..\..\third-party\include\glm\gtx\simd_vec4.inl">
      <Filter>third-party\glm\gtx</Filter>
    </None>
    <None Include="..\..\third-party\include\glm\gtx\spline.inl">
      <Filter>third-party\glm\gtx</Filter>
    </None>
    <None Include="..\..\third-party\include\glm\gtx\std_based_type.inl">
      <Filter>third-party\glm\gtx</Filter>
    </None>
    <None Include="..\..\third-party\include\glm\gtx\string_cast.inl">
      <Filter>third-party\glm\gtx</Filter>
    </None>
    <None Include="..\..\third-party\include\glm\gtx\transform.inl">
      <Filter>third-party\glm\gtx</Filter>
    </None>
    <None Include="..\..\third-party\include\glm\gtx\transform2.inl">
      <Filter>third-party\glm\gtx</Filter>
    </None>
    <None Include="..\..\third-party\include\glm\gtx\unsigned_int.inl">
      <Filter>third-party\glm\gtx</Filter>
    </None>
    <None Include="..\..\third-party\include\glm\gtx\vec1.inl">
      <Filter>third-party\glm\gtx</Filter>
    </None>
    <None Include="..\..\third-party\include\glm\gtx\vector_angle.inl">
      <Filter>third-party\glm\gtx</Filter>
    </None>
    <None Include="..\..\third-party\include\glm\gtx\vector_query.inl">
      <Filter>third-party\glm\gtx</Filter>
    </None>
    <None Include="..\..\third-party\include\glm\gtx\wrap.inl">
      <Filter>third-party\glm\gtx</Filter>
    </None>
  </ItemGroup>
</Project>